
Microsoft Visual Studio Solution File, Format Version 12.00
# Visual Studio 2017
Project("{FAE04EC0-301F-11D3-BF4B-00C04F79EFBC}") = "maze", "maze.csproj", "{F5809FC5-C8C6-A7D9-6E14-81DC51CA0EC5}"
EndProject
Project("{FAE04EC0-301F-11D3-BF4B-00C04F79EFBC}") = "maze.Plugins", "maze.Plugins.csproj", "{57593305-FA23-AE39-7A56-C97E107EB9FB}"
EndProject
Project("{FAE04EC0-301F-11D3-BF4B-00C04F79EFBC}") = "maze.Editor.Plugins", "maze.Editor.Plugins.csproj", "{FF1C3661-BE88-3559-4FFB-75C5C20FFCA4}"
EndProject
Global
	GlobalSection(SolutionConfigurationPlatforms) = preSolution
		Debug|Any CPU = Debug|Any CPU
		Release|Any CPU = Release|Any CPU
	EndGlobalSection
	GlobalSection(ProjectConfigurationPlatforms) = postSolution
		{F5809FC5-C8C6-A7D9-6E14-81DC51CA0EC5}.Debug|Any CPU.ActiveCfg = Debug|Any CPU
		{F5809FC5-C8C6-A7D9-6E14-81DC51CA0EC5}.Debug|Any CPU.Build.0 = Debug|Any CPU
		{F5809FC5-C8C6-A7D9-6E14-81DC51CA0EC5}.Release|Any CPU.ActiveCfg = Release|Any CPU
		{F5809FC5-C8C6-A7D9-6E14-81DC51CA0EC5}.Release|Any CPU.Build.0 = Release|Any CPU
		{57593305-FA23-AE39-7A56-C97E107EB9FB}.Debug|Any CPU.ActiveCfg = Debug|Any CPU
		{57593305-FA23-AE39-7A56-C97E107EB9FB}.Debug|Any CPU.Build.0 = Debug|Any CPU
		{57593305-FA23-AE39-7A56-C97E107EB9FB}.Release|Any CPU.ActiveCfg = Release|Any CPU
		{57593305-FA23-AE39-7A56-C97E107EB9FB}.Release|Any CPU.Build.0 = Release|Any CPU
		{FF1C3661-BE88-3559-4FFB-75C5C20FFCA4}.Debug|Any CPU.ActiveCfg = Debug|Any CPU
		{FF1C3661-BE88-3559-4FFB-75C5C20FFCA4}.Debug|Any CPU.Build.0 = Debug|Any CPU
		{FF1C3661-BE88-3559-4FFB-75C5C20FFCA4}.Release|Any CPU.ActiveCfg = Release|Any CPU
		{FF1C3661-BE88-3559-4FFB-75C5C20FFCA4}.Release|Any CPU.Build.0 = Release|Any CPU
	EndGlobalSection
	GlobalSection(SolutionProperties) = preSolution
		HideSolutionNode = FALSE
	EndGlobalSection
EndGlobal
